
Microsoft Visual Studio Solution File, Format Version 12.00
# Visual Studio 14
VisualStudioVersion = 14.0.25420.1
MinimumVisualStudioVersion = 10.0.40219.1
Project("{FAE04EC0-301F-11D3-BF4B-00C04F79EFBC}") = "CSharpPFCursus", "CSharpPFCursus\CSharpPFCursus.csproj", "{AE4BF469-20AB-4B45-97C8-C81B0593239B}"
EndProject
Project("{FAE04EC0-301F-11D3-BF4B-00C04F79EFBC}") = "CSharpPFOefenmap", "CSharpPFOefenmap\CSharpPFOefenmap.csproj", "{ED055511-8F89-46E2-BF0F-AD3728EFE0A8}"
EndProject
Project("{FAE04EC0-301F-11D3-BF4B-00C04F79EFBC}") = "OmrekenenSeconden", "OmrekenenSeconden\OmrekenenSeconden.csproj", "{83B2EE5B-F130-49BA-9772-B4449DF90E13}"
EndProject
Project("{FAE04EC0-301F-11D3-BF4B-00C04F79EFBC}") = "SnoepAutomaat", "SnoepAutomaat\SnoepAutomaat.csproj", "{813A842C-8783-4CA5-963D-3C24DAD4BA6F}"
EndProject
Project("{FAE04EC0-301F-11D3-BF4B-00C04F79EFBC}") = "Kortingsbon", "Kortingsbon\Kortingsbon.csproj", "{E234CE7D-0E8E-497A-99D2-D8D6814774D2}"
EndProject
Project("{FAE04EC0-301F-11D3-BF4B-00C04F79EFBC}") = "Schrikkeljaar", "Schrikkeljaar\Schrikkeljaar.csproj", "{0113A9E0-C00E-498A-877E-5D105BCBEC57}"
EndProject
Project("{FAE04EC0-301F-11D3-BF4B-00C04F79EFBC}") = "Lichtkrant", "Lichtkrant\Lichtkrant.csproj", "{86B290DF-DF59-4CBD-ACA1-541253116024}"
EndProject
Project("{FAE04EC0-301F-11D3-BF4B-00C04F79EFBC}") = "KleinsteGrootsteGemiddelde", "KleinsteGrootsteGemiddelde\KleinsteGrootsteGemiddelde.csproj", "{9A6DB0AF-9562-41F1-AE49-626CE29E24CC}"
EndProject
Project("{FAE04EC0-301F-11D3-BF4B-00C04F79EFBC}") = "Priemgetal", "Priemgetal\Priemgetal.csproj", "{4A911F7B-BB13-4663-9191-8204B2868F52}"
EndProject
Project("{FAE04EC0-301F-11D3-BF4B-00C04F79EFBC}") = "IBANgenerator", "IBANgenerator\IBANgenerator.csproj", "{89B689BA-30B7-40E5-8D4E-5E0D11DF8985}"
EndProject
Project("{FAE04EC0-301F-11D3-BF4B-00C04F79EFBC}") = "ControleIban", "ControleIban\ControleIban.csproj", "{5CF25EDA-04C8-4928-9026-E1331A3676D0}"
EndProject
Project("{FAE04EC0-301F-11D3-BF4B-00C04F79EFBC}") = "Codeerprogramma", "Codeerprogramma\Codeerprogramma.csproj", "{F8B56EA9-87A4-445D-A4CB-FC6467E728A3}"
EndProject
Project("{FAE04EC0-301F-11D3-BF4B-00C04F79EFBC}") = "CelciusFarenheit", "CelciusFarenheit\CelciusFarenheit.csproj", "{18789B0C-894E-4E41-A02D-C5F083DDE00E}"
EndProject
Project("{FAE04EC0-301F-11D3-BF4B-00C04F79EFBC}") = "ConsoleApplication1", "ConsoleApplication1\ConsoleApplication1.csproj", "{B3FA53A0-9BCA-4761-B190-EA3FC04EE6A3}"
EndProject
Project("{FAE04EC0-301F-11D3-BF4B-00C04F79EFBC}") = "Voertuigen", "Voertuigen\Voertuigen.csproj", "{A5B32D5D-32E4-4B5A-ADE7-89DBE50D0064}"
EndProject
Project("{FAE04EC0-301F-11D3-BF4B-00C04F79EFBC}") = "Bank", "Bank\Bank.csproj", "{975D33CC-2C46-4E79-8501-7BF248250FDB}"
EndProject
Global
	GlobalSection(SolutionConfigurationPlatforms) = preSolution
		Debug|Any CPU = Debug|Any CPU
		Debug|ARM = Debug|ARM
		Debug|x64 = Debug|x64
		Debug|x86 = Debug|x86
		Release|Any CPU = Release|Any CPU
		Release|ARM = Release|ARM
		Release|x64 = Release|x64
		Release|x86 = Release|x86
	EndGlobalSection
	GlobalSection(ProjectConfigurationPlatforms) = postSolution
		{AE4BF469-20AB-4B45-97C8-C81B0593239B}.Debug|Any CPU.ActiveCfg = Debug|Any CPU
		{AE4BF469-20AB-4B45-97C8-C81B0593239B}.Debug|Any CPU.Build.0 = Debug|Any CPU
		{AE4BF469-20AB-4B45-97C8-C81B0593239B}.Debug|ARM.ActiveCfg = Debug|Any CPU
		{AE4BF469-20AB-4B45-97C8-C81B0593239B}.Debug|ARM.Build.0 = Debug|Any CPU
		{AE4BF469-20AB-4B45-97C8-C81B0593239B}.Debug|x64.ActiveCfg = Debug|Any CPU
		{AE4BF469-20AB-4B45-97C8-C81B0593239B}.Debug|x64.Build.0 = Debug|Any CPU
		{AE4BF469-20AB-4B45-97C8-C81B0593239B}.Debug|x86.ActiveCfg = Debug|Any CPU
		{AE4BF469-20AB-4B45-97C8-C81B0593239B}.Debug|x86.Build.0 = Debug|Any CPU
		{AE4BF469-20AB-4B45-97C8-C81B0593239B}.Release|Any CPU.ActiveCfg = Release|Any CPU
		{AE4BF469-20AB-4B45-97C8-C81B0593239B}.Release|Any CPU.Build.0 = Release|Any CPU
		{AE4BF469-20AB-4B45-97C8-C81B0593239B}.Release|ARM.ActiveCfg = Release|Any CPU
		{AE4BF469-20AB-4B45-97C8-C81B0593239B}.Release|ARM.Build.0 = Release|Any CPU
		{AE4BF469-20AB-4B45-97C8-C81B0593239B}.Release|x64.ActiveCfg = Release|Any CPU
		{AE4BF469-20AB-4B45-97C8-C81B0593239B}.Release|x64.Build.0 = Release|Any CPU
		{AE4BF469-20AB-4B45-97C8-C81B0593239B}.Release|x86.ActiveCfg = Release|Any CPU
		{AE4BF469-20AB-4B45-97C8-C81B0593239B}.Release|x86.Build.0 = Release|Any CPU
		{ED055511-8F89-46E2-BF0F-AD3728EFE0A8}.Debug|Any CPU.ActiveCfg = Debug|Any CPU
		{ED055511-8F89-46E2-BF0F-AD3728EFE0A8}.Debug|Any CPU.Build.0 = Debug|Any CPU
		{ED055511-8F89-46E2-BF0F-AD3728EFE0A8}.Debug|ARM.ActiveCfg = Debug|Any CPU
		{ED055511-8F89-46E2-BF0F-AD3728EFE0A8}.Debug|ARM.Build.0 = Debug|Any CPU
		{ED055511-8F89-46E2-BF0F-AD3728EFE0A8}.Debug|x64.ActiveCfg = Debug|Any CPU
		{ED055511-8F89-46E2-BF0F-AD3728EFE0A8}.Debug|x64.Build.0 = Debug|Any CPU
		{ED055511-8F89-46E2-BF0F-AD3728EFE0A8}.Debug|x86.ActiveCfg = Debug|Any CPU
		{ED055511-8F89-46E2-BF0F-AD3728EFE0A8}.Debug|x86.Build.0 = Debug|Any CPU
		{ED055511-8F89-46E2-BF0F-AD3728EFE0A8}.Release|Any CPU.ActiveCfg = Release|Any CPU
		{ED055511-8F89-46E2-BF0F-AD3728EFE0A8}.Release|Any CPU.Build.0 = Release|Any CPU
		{ED055511-8F89-46E2-BF0F-AD3728EFE0A8}.Release|ARM.ActiveCfg = Release|Any CPU
		{ED055511-8F89-46E2-BF0F-AD3728EFE0A8}.Release|ARM.Build.0 = Release|Any CPU
		{ED055511-8F89-46E2-BF0F-AD3728EFE0A8}.Release|x64.ActiveCfg = Release|Any CPU
		{ED055511-8F89-46E2-BF0F-AD3728EFE0A8}.Release|x64.Build.0 = Release|Any CPU
		{ED055511-8F89-46E2-BF0F-AD3728EFE0A8}.Release|x86.ActiveCfg = Release|Any CPU
		{ED055511-8F89-46E2-BF0F-AD3728EFE0A8}.Release|x86.Build.0 = Release|Any CPU
		{83B2EE5B-F130-49BA-9772-B4449DF90E13}.Debug|Any CPU.ActiveCfg = Debug|Any CPU
		{83B2EE5B-F130-49BA-9772-B4449DF90E13}.Debug|Any CPU.Build.0 = Debug|Any CPU
		{83B2EE5B-F130-49BA-9772-B4449DF90E13}.Debug|ARM.ActiveCfg = Debug|Any CPU
		{83B2EE5B-F130-49BA-9772-B4449DF90E13}.Debug|ARM.Build.0 = Debug|Any CPU
		{83B2EE5B-F130-49BA-9772-B4449DF90E13}.Debug|x64.ActiveCfg = Debug|Any CPU
		{83B2EE5B-F130-49BA-9772-B4449DF90E13}.Debug|x64.Build.0 = Debug|Any CPU
		{83B2EE5B-F130-49BA-9772-B4449DF90E13}.Debug|x86.ActiveCfg = Debug|Any CPU
		{83B2EE5B-F130-49BA-9772-B4449DF90E13}.Debug|x86.Build.0 = Debug|Any CPU
		{83B2EE5B-F130-49BA-9772-B4449DF90E13}.Release|Any CPU.ActiveCfg = Release|Any CPU
		{83B2EE5B-F130-49BA-9772-B4449DF90E13}.Release|Any CPU.Build.0 = Release|Any CPU
		{83B2EE5B-F130-49BA-9772-B4449DF90E13}.Release|ARM.ActiveCfg = Release|Any CPU
		{83B2EE5B-F130-49BA-9772-B4449DF90E13}.Release|ARM.Build.0 = Release|Any CPU
		{83B2EE5B-F130-49BA-9772-B4449DF90E13}.Release|x64.ActiveCfg = Release|Any CPU
		{83B2EE5B-F130-49BA-9772-B4449DF90E13}.Release|x64.Build.0 = Release|Any CPU
		{83B2EE5B-F130-49BA-9772-B4449DF90E13}.Release|x86.ActiveCfg = Release|Any CPU
		{83B2EE5B-F130-49BA-9772-B4449DF90E13}.Release|x86.Build.0 = Release|Any CPU
		{813A842C-8783-4CA5-963D-3C24DAD4BA6F}.Debug|Any CPU.ActiveCfg = Debug|Any CPU
		{813A842C-8783-4CA5-963D-3C24DAD4BA6F}.Debug|Any CPU.Build.0 = Debug|Any CPU
		{813A842C-8783-4CA5-963D-3C24DAD4BA6F}.Debug|ARM.ActiveCfg = Debug|Any CPU
		{813A842C-8783-4CA5-963D-3C24DAD4BA6F}.Debug|ARM.Build.0 = Debug|Any CPU
		{813A842C-8783-4CA5-963D-3C24DAD4BA6F}.Debug|x64.ActiveCfg = Debug|Any CPU
		{813A842C-8783-4CA5-963D-3C24DAD4BA6F}.Debug|x64.Build.0 = Debug|Any CPU
		{813A842C-8783-4CA5-963D-3C24DAD4BA6F}.Debug|x86.ActiveCfg = Debug|Any CPU
		{813A842C-8783-4CA5-963D-3C24DAD4BA6F}.Debug|x86.Build.0 = Debug|Any CPU
		{813A842C-8783-4CA5-963D-3C24DAD4BA6F}.Release|Any CPU.ActiveCfg = Release|Any CPU
		{813A842C-8783-4CA5-963D-3C24DAD4BA6F}.Release|Any CPU.Build.0 = Release|Any CPU
		{813A842C-8783-4CA5-963D-3C24DAD4BA6F}.Release|ARM.ActiveCfg = Release|Any CPU
		{813A842C-8783-4CA5-963D-3C24DAD4BA6F}.Release|ARM.Build.0 = Release|Any CPU
		{813A842C-8783-4CA5-963D-3C24DAD4BA6F}.Release|x64.ActiveCfg = Release|Any CPU
		{813A842C-8783-4CA5-963D-3C24DAD4BA6F}.Release|x64.Build.0 = Release|Any CPU
		{813A842C-8783-4CA5-963D-3C24DAD4BA6F}.Release|x86.ActiveCfg = Release|Any CPU
		{813A842C-8783-4CA5-963D-3C24DAD4BA6F}.Release|x86.Build.0 = Release|Any CPU
		{E234CE7D-0E8E-497A-99D2-D8D6814774D2}.Debug|Any CPU.ActiveCfg = Debug|Any CPU
		{E234CE7D-0E8E-497A-99D2-D8D6814774D2}.Debug|Any CPU.Build.0 = Debug|Any CPU
		{E234CE7D-0E8E-497A-99D2-D8D6814774D2}.Debug|ARM.ActiveCfg = Debug|Any CPU
		{E234CE7D-0E8E-497A-99D2-D8D6814774D2}.Debug|ARM.Build.0 = Debug|Any CPU
		{E234CE7D-0E8E-497A-99D2-D8D6814774D2}.Debug|x64.ActiveCfg = Debug|Any CPU
		{E234CE7D-0E8E-497A-99D2-D8D6814774D2}.Debug|x64.Build.0 = Debug|Any CPU
		{E234CE7D-0E8E-497A-99D2-D8D6814774D2}.Debug|x86.ActiveCfg = Debug|Any CPU
		{E234CE7D-0E8E-497A-99D2-D8D6814774D2}.Debug|x86.Build.0 = Debug|Any CPU
		{E234CE7D-0E8E-497A-99D2-D8D6814774D2}.Release|Any CPU.ActiveCfg = Release|Any CPU
		{E234CE7D-0E8E-497A-99D2-D8D6814774D2}.Release|Any CPU.Build.0 = Release|Any CPU
		{E234CE7D-0E8E-497A-99D2-D8D6814774D2}.Release|ARM.ActiveCfg = Release|Any CPU
		{E234CE7D-0E8E-497A-99D2-D8D6814774D2}.Release|ARM.Build.0 = Release|Any CPU
		{E234CE7D-0E8E-497A-99D2-D8D6814774D2}.Release|x64.ActiveCfg = Release|Any CPU
		{E234CE7D-0E8E-497A-99D2-D8D6814774D2}.Release|x64.Build.0 = Release|Any CPU
		{E234CE7D-0E8E-497A-99D2-D8D6814774D2}.Release|x86.ActiveCfg = Release|Any CPU
		{E234CE7D-0E8E-497A-99D2-D8D6814774D2}.Release|x86.Build.0 = Release|Any CPU
		{0113A9E0-C00E-498A-877E-5D105BCBEC57}.Debug|Any CPU.ActiveCfg = Debug|Any CPU
		{0113A9E0-C00E-498A-877E-5D105BCBEC57}.Debug|Any CPU.Build.0 = Debug|Any CPU
		{0113A9E0-C00E-498A-877E-5D105BCBEC57}.Debug|ARM.ActiveCfg = Debug|Any CPU
		{0113A9E0-C00E-498A-877E-5D105BCBEC57}.Debug|ARM.Build.0 = Debug|Any CPU
		{0113A9E0-C00E-498A-877E-5D105BCBEC57}.Debug|x64.ActiveCfg = Debug|Any CPU
		{0113A9E0-C00E-498A-877E-5D105BCBEC57}.Debug|x64.Build.0 = Debug|Any CPU
		{0113A9E0-C00E-498A-877E-5D105BCBEC57}.Debug|x86.ActiveCfg = Debug|Any CPU
		{0113A9E0-C00E-498A-877E-5D105BCBEC57}.Debug|x86.Build.0 = Debug|Any CPU
		{0113A9E0-C00E-498A-877E-5D105BCBEC57}.Release|Any CPU.ActiveCfg = Release|Any CPU
		{0113A9E0-C00E-498A-877E-5D105BCBEC57}.Release|Any CPU.Build.0 = Release|Any CPU
		{0113A9E0-C00E-498A-877E-5D105BCBEC57}.Release|ARM.ActiveCfg = Release|Any CPU
		{0113A9E0-C00E-498A-877E-5D105BCBEC57}.Release|ARM.Build.0 = Release|Any CPU
		{0113A9E0-C00E-498A-877E-5D105BCBEC57}.Release|x64.ActiveCfg = Release|Any CPU
		{0113A9E0-C00E-498A-877E-5D105BCBEC57}.Release|x64.Build.0 = Release|Any CPU
		{0113A9E0-C00E-498A-877E-5D105BCBEC57}.Release|x86.ActiveCfg = Release|Any CPU
		{0113A9E0-C00E-498A-877E-5D105BCBEC57}.Release|x86.Build.0 = Release|Any CPU
		{86B290DF-DF59-4CBD-ACA1-541253116024}.Debug|Any CPU.ActiveCfg = Debug|Any CPU
		{86B290DF-DF59-4CBD-ACA1-541253116024}.Debug|Any CPU.Build.0 = Debug|Any CPU
		{86B290DF-DF59-4CBD-ACA1-541253116024}.Debug|ARM.ActiveCfg = Debug|Any CPU
		{86B290DF-DF59-4CBD-ACA1-541253116024}.Debug|ARM.Build.0 = Debug|Any CPU
		{86B290DF-DF59-4CBD-ACA1-541253116024}.Debug|x64.ActiveCfg = Debug|Any CPU
		{86B290DF-DF59-4CBD-ACA1-541253116024}.Debug|x64.Build.0 = Debug|Any CPU
		{86B290DF-DF59-4CBD-ACA1-541253116024}.Debug|x86.ActiveCfg = Debug|Any CPU
		{86B290DF-DF59-4CBD-ACA1-541253116024}.Debug|x86.Build.0 = Debug|Any CPU
		{86B290DF-DF59-4CBD-ACA1-541253116024}.Release|Any CPU.ActiveCfg = Release|Any CPU
		{86B290DF-DF59-4CBD-ACA1-541253116024}.Release|Any CPU.Build.0 = Release|Any CPU
		{86B290DF-DF59-4CBD-ACA1-541253116024}.Release|ARM.ActiveCfg = Release|Any CPU
		{86B290DF-DF59-4CBD-ACA1-541253116024}.Release|ARM.Build.0 = Release|Any CPU
		{86B290DF-DF59-4CBD-ACA1-541253116024}.Release|x64.ActiveCfg = Release|Any CPU
		{86B290DF-DF59-4CBD-ACA1-541253116024}.Release|x64.Build.0 = Release|Any CPU
		{86B290DF-DF59-4CBD-ACA1-541253116024}.Release|x86.ActiveCfg = Release|Any CPU
		{86B290DF-DF59-4CBD-ACA1-541253116024}.Release|x86.Build.0 = Release|Any CPU
		{9A6DB0AF-9562-41F1-AE49-626CE29E24CC}.Debug|Any CPU.ActiveCfg = Debug|Any CPU
		{9A6DB0AF-9562-41F1-AE49-626CE29E24CC}.Debug|Any CPU.Build.0 = Debug|Any CPU
		{9A6DB0AF-9562-41F1-AE49-626CE29E24CC}.Debug|ARM.ActiveCfg = Debug|Any CPU
		{9A6DB0AF-9562-41F1-AE49-626CE29E24CC}.Debug|ARM.Build.0 = Debug|Any CPU
		{9A6DB0AF-9562-41F1-AE49-626CE29E24CC}.Debug|x64.ActiveCfg = Debug|Any CPU
		{9A6DB0AF-9562-41F1-AE49-626CE29E24CC}.Debug|x64.Build.0 = Debug|Any CPU
		{9A6DB0AF-9562-41F1-AE49-626CE29E24CC}.Debug|x86.ActiveCfg = Debug|Any CPU
		{9A6DB0AF-9562-41F1-AE49-626CE29E24CC}.Debug|x86.Build.0 = Debug|Any CPU
		{9A6DB0AF-9562-41F1-AE49-626CE29E24CC}.Release|Any CPU.ActiveCfg = Release|Any CPU
		{9A6DB0AF-9562-41F1-AE49-626CE29E24CC}.Release|Any CPU.Build.0 = Release|Any CPU
		{9A6DB0AF-9562-41F1-AE49-626CE29E24CC}.Release|ARM.ActiveCfg = Release|Any CPU
		{9A6DB0AF-9562-41F1-AE49-626CE29E24CC}.Release|ARM.Build.0 = Release|Any CPU
		{9A6DB0AF-9562-41F1-AE49-626CE29E24CC}.Release|x64.ActiveCfg = Release|Any CPU
		{9A6DB0AF-9562-41F1-AE49-626CE29E24CC}.Release|x64.Build.0 = Release|Any CPU
		{9A6DB0AF-9562-41F1-AE49-626CE29E24CC}.Release|x86.ActiveCfg = Release|Any CPU
		{9A6DB0AF-9562-41F1-AE49-626CE29E24CC}.Release|x86.Build.0 = Release|Any CPU
		{4A911F7B-BB13-4663-9191-8204B2868F52}.Debug|Any CPU.ActiveCfg = Debug|Any CPU
		{4A911F7B-BB13-4663-9191-8204B2868F52}.Debug|Any CPU.Build.0 = Debug|Any CPU
		{4A911F7B-BB13-4663-9191-8204B2868F52}.Debug|ARM.ActiveCfg = Debug|Any CPU
		{4A911F7B-BB13-4663-9191-8204B2868F52}.Debug|ARM.Build.0 = Debug|Any CPU
		{4A911F7B-BB13-4663-9191-8204B2868F52}.Debug|x64.ActiveCfg = Debug|Any CPU
		{4A911F7B-BB13-4663-9191-8204B2868F52}.Debug|x64.Build.0 = Debug|Any CPU
		{4A911F7B-BB13-4663-9191-8204B2868F52}.Debug|x86.ActiveCfg = Debug|Any CPU
		{4A911F7B-BB13-4663-9191-8204B2868F52}.Debug|x86.Build.0 = Debug|Any CPU
		{4A911F7B-BB13-4663-9191-8204B2868F52}.Release|Any CPU.ActiveCfg = Release|Any CPU
		{4A911F7B-BB13-4663-9191-8204B2868F52}.Release|Any CPU.Build.0 = Release|Any CPU
		{4A911F7B-BB13-4663-9191-8204B2868F52}.Release|ARM.ActiveCfg = Release|Any CPU
		{4A911F7B-BB13-4663-9191-8204B2868F52}.Release|ARM.Build.0 = Release|Any CPU
		{4A911F7B-BB13-4663-9191-8204B2868F52}.Release|x64.ActiveCfg = Release|Any CPU
		{4A911F7B-BB13-4663-9191-8204B2868F52}.Release|x64.Build.0 = Release|Any CPU
		{4A911F7B-BB13-4663-9191-8204B2868F52}.Release|x86.ActiveCfg = Release|Any CPU
		{4A911F7B-BB13-4663-9191-8204B2868F52}.Release|x86.Build.0 = Release|Any CPU
		{89B689BA-30B7-40E5-8D4E-5E0D11DF8985}.Debug|Any CPU.ActiveCfg = Debug|Any CPU
		{89B689BA-30B7-40E5-8D4E-5E0D11DF8985}.Debug|Any CPU.Build.0 = Debug|Any CPU
		{89B689BA-30B7-40E5-8D4E-5E0D11DF8985}.Debug|ARM.ActiveCfg = Debug|Any CPU
		{89B689BA-30B7-40E5-8D4E-5E0D11DF8985}.Debug|ARM.Build.0 = Debug|Any CPU
		{89B689BA-30B7-40E5-8D4E-5E0D11DF8985}.Debug|x64.ActiveCfg = Debug|Any CPU
		{89B689BA-30B7-40E5-8D4E-5E0D11DF8985}.Debug|x64.Build.0 = Debug|Any CPU
		{89B689BA-30B7-40E5-8D4E-5E0D11DF8985}.Debug|x86.ActiveCfg = Debug|Any CPU
		{89B689BA-30B7-40E5-8D4E-5E0D11DF8985}.Debug|x86.Build.0 = Debug|Any CPU
		{89B689BA-30B7-40E5-8D4E-5E0D11DF8985}.Release|Any CPU.ActiveCfg = Release|Any CPU
		{89B689BA-30B7-40E5-8D4E-5E0D11DF8985}.Release|Any CPU.Build.0 = Release|Any CPU
		{89B689BA-30B7-40E5-8D4E-5E0D11DF8985}.Release|ARM.ActiveCfg = Release|Any CPU
		{89B689BA-30B7-40E5-8D4E-5E0D11DF8985}.Release|ARM.Build.0 = Release|Any CPU
		{89B689BA-30B7-40E5-8D4E-5E0D11DF8985}.Release|x64.ActiveCfg = Release|Any CPU
		{89B689BA-30B7-40E5-8D4E-5E0D11DF8985}.Release|x64.Build.0 = Release|Any CPU
		{89B689BA-30B7-40E5-8D4E-5E0D11DF8985}.Release|x86.ActiveCfg = Release|Any CPU
		{89B689BA-30B7-40E5-8D4E-5E0D11DF8985}.Release|x86.Build.0 = Release|Any CPU
		{5CF25EDA-04C8-4928-9026-E1331A3676D0}.Debug|Any CPU.ActiveCfg = Debug|Any CPU
		{5CF25EDA-04C8-4928-9026-E1331A3676D0}.Debug|Any CPU.Build.0 = Debug|Any CPU
		{5CF25EDA-04C8-4928-9026-E1331A3676D0}.Debug|ARM.ActiveCfg = Debug|Any CPU
		{5CF25EDA-04C8-4928-9026-E1331A3676D0}.Debug|ARM.Build.0 = Debug|Any CPU
		{5CF25EDA-04C8-4928-9026-E1331A3676D0}.Debug|x64.ActiveCfg = Debug|Any CPU
		{5CF25EDA-04C8-4928-9026-E1331A3676D0}.Debug|x64.Build.0 = Debug|Any CPU
		{5CF25EDA-04C8-4928-9026-E1331A3676D0}.Debug|x86.ActiveCfg = Debug|Any CPU
		{5CF25EDA-04C8-4928-9026-E1331A3676D0}.Debug|x86.Build.0 = Debug|Any CPU
		{5CF25EDA-04C8-4928-9026-E1331A3676D0}.Release|Any CPU.ActiveCfg = Release|Any CPU
		{5CF25EDA-04C8-4928-9026-E1331A3676D0}.Release|Any CPU.Build.0 = Release|Any CPU
		{5CF25EDA-04C8-4928-9026-E1331A3676D0}.Release|ARM.ActiveCfg = Release|Any CPU
		{5CF25EDA-04C8-4928-9026-E1331A3676D0}.Release|ARM.Build.0 = Release|Any CPU
		{5CF25EDA-04C8-4928-9026-E1331A3676D0}.Release|x64.ActiveCfg = Release|Any CPU
		{5CF25EDA-04C8-4928-9026-E1331A3676D0}.Release|x64.Build.0 = Release|Any CPU
		{5CF25EDA-04C8-4928-9026-E1331A3676D0}.Release|x86.ActiveCfg = Release|Any CPU
		{5CF25EDA-04C8-4928-9026-E1331A3676D0}.Release|x86.Build.0 = Release|Any CPU
		{F8B56EA9-87A4-445D-A4CB-FC6467E728A3}.Debug|Any CPU.ActiveCfg = Debug|Any CPU
		{F8B56EA9-87A4-445D-A4CB-FC6467E728A3}.Debug|Any CPU.Build.0 = Debug|Any CPU
		{F8B56EA9-87A4-445D-A4CB-FC6467E728A3}.Debug|ARM.ActiveCfg = Debug|Any CPU
		{F8B56EA9-87A4-445D-A4CB-FC6467E728A3}.Debug|ARM.Build.0 = Debug|Any CPU
		{F8B56EA9-87A4-445D-A4CB-FC6467E728A3}.Debug|x64.ActiveCfg = Debug|Any CPU
		{F8B56EA9-87A4-445D-A4CB-FC6467E728A3}.Debug|x64.Build.0 = Debug|Any CPU
		{F8B56EA9-87A4-445D-A4CB-FC6467E728A3}.Debug|x86.ActiveCfg = Debug|Any CPU
		{F8B56EA9-87A4-445D-A4CB-FC6467E728A3}.Debug|x86.Build.0 = Debug|Any CPU
		{F8B56EA9-87A4-445D-A4CB-FC6467E728A3}.Release|Any CPU.ActiveCfg = Release|Any CPU
		{F8B56EA9-87A4-445D-A4CB-FC6467E728A3}.Release|Any CPU.Build.0 = Release|Any CPU
		{F8B56EA9-87A4-445D-A4CB-FC6467E728A3}.Release|ARM.ActiveCfg = Release|Any CPU
		{F8B56EA9-87A4-445D-A4CB-FC6467E728A3}.Release|ARM.Build.0 = Release|Any CPU
		{F8B56EA9-87A4-445D-A4CB-FC6467E728A3}.Release|x64.ActiveCfg = Release|Any CPU
		{F8B56EA9-87A4-445D-A4CB-FC6467E728A3}.Release|x64.Build.0 = Release|Any CPU
		{F8B56EA9-87A4-445D-A4CB-FC6467E728A3}.Release|x86.ActiveCfg = Release|Any CPU
		{F8B56EA9-87A4-445D-A4CB-FC6467E728A3}.Release|x86.Build.0 = Release|Any CPU
		{18789B0C-894E-4E41-A02D-C5F083DDE00E}.Debug|Any CPU.ActiveCfg = Debug|Any CPU
		{18789B0C-894E-4E41-A02D-C5F083DDE00E}.Debug|Any CPU.Build.0 = Debug|Any CPU
		{18789B0C-894E-4E41-A02D-C5F083DDE00E}.Debug|ARM.ActiveCfg = Debug|Any CPU
		{18789B0C-894E-4E41-A02D-C5F083DDE00E}.Debug|ARM.Build.0 = Debug|Any CPU
		{18789B0C-894E-4E41-A02D-C5F083DDE00E}.Debug|x64.ActiveCfg = Debug|Any CPU
		{18789B0C-894E-4E41-A02D-C5F083DDE00E}.Debug|x64.Build.0 = Debug|Any CPU
		{18789B0C-894E-4E41-A02D-C5F083DDE00E}.Debug|x86.ActiveCfg = Debug|Any CPU
		{18789B0C-894E-4E41-A02D-C5F083DDE00E}.Debug|x86.Build.0 = Debug|Any CPU
		{18789B0C-894E-4E41-A02D-C5F083DDE00E}.Release|Any CPU.ActiveCfg = Release|Any CPU
		{18789B0C-894E-4E41-A02D-C5F083DDE00E}.Release|Any CPU.Build.0 = Release|Any CPU
		{18789B0C-894E-4E41-A02D-C5F083DDE00E}.Release|ARM.ActiveCfg = Release|Any CPU
		{18789B0C-894E-4E41-A02D-C5F083DDE00E}.Release|ARM.Build.0 = Release|Any CPU
		{18789B0C-894E-4E41-A02D-C5F083DDE00E}.Release|x64.ActiveCfg = Release|Any CPU
		{18789B0C-894E-4E41-A02D-C5F083DDE00E}.Release|x64.Build.0 = Release|Any CPU
		{18789B0C-894E-4E41-A02D-C5F083DDE00E}.Release|x86.ActiveCfg = Release|Any CPU
		{18789B0C-894E-4E41-A02D-C5F083DDE00E}.Release|x86.Build.0 = Release|Any CPU
		{B3FA53A0-9BCA-4761-B190-EA3FC04EE6A3}.Debug|Any CPU.ActiveCfg = Debug|Any CPU
		{B3FA53A0-9BCA-4761-B190-EA3FC04EE6A3}.Debug|Any CPU.Build.0 = Debug|Any CPU
		{B3FA53A0-9BCA-4761-B190-EA3FC04EE6A3}.Debug|ARM.ActiveCfg = Debug|Any CPU
		{B3FA53A0-9BCA-4761-B190-EA3FC04EE6A3}.Debug|ARM.Build.0 = Debug|Any CPU
		{B3FA53A0-9BCA-4761-B190-EA3FC04EE6A3}.Debug|x64.ActiveCfg = Debug|Any CPU
		{B3FA53A0-9BCA-4761-B190-EA3FC04EE6A3}.Debug|x64.Build.0 = Debug|Any CPU
		{B3FA53A0-9BCA-4761-B190-EA3FC04EE6A3}.Debug|x86.ActiveCfg = Debug|Any CPU
		{B3FA53A0-9BCA-4761-B190-EA3FC04EE6A3}.Debug|x86.Build.0 = Debug|Any CPU
		{B3FA53A0-9BCA-4761-B190-EA3FC04EE6A3}.Release|Any CPU.ActiveCfg = Release|Any CPU
		{B3FA53A0-9BCA-4761-B190-EA3FC04EE6A3}.Release|Any CPU.Build.0 = Release|Any CPU
		{B3FA53A0-9BCA-4761-B190-EA3FC04EE6A3}.Release|ARM.ActiveCfg = Release|Any CPU
		{B3FA53A0-9BCA-4761-B190-EA3FC04EE6A3}.Release|ARM.Build.0 = Release|Any CPU
		{B3FA53A0-9BCA-4761-B190-EA3FC04EE6A3}.Release|x64.ActiveCfg = Release|Any CPU
		{B3FA53A0-9BCA-4761-B190-EA3FC04EE6A3}.Release|x64.Build.0 = Release|Any CPU
		{B3FA53A0-9BCA-4761-B190-EA3FC04EE6A3}.Release|x86.ActiveCfg = Release|Any CPU
		{B3FA53A0-9BCA-4761-B190-EA3FC04EE6A3}.Release|x86.Build.0 = Release|Any CPU
		{A5B32D5D-32E4-4B5A-ADE7-89DBE50D0064}.Debug|Any CPU.ActiveCfg = Debug|Any CPU
		{A5B32D5D-32E4-4B5A-ADE7-89DBE50D0064}.Debug|Any CPU.Build.0 = Debug|Any CPU
		{A5B32D5D-32E4-4B5A-ADE7-89DBE50D0064}.Debug|ARM.ActiveCfg = Debug|Any CPU
		{A5B32D5D-32E4-4B5A-ADE7-89DBE50D0064}.Debug|ARM.Build.0 = Debug|Any CPU
		{A5B32D5D-32E4-4B5A-ADE7-89DBE50D0064}.Debug|x64.ActiveCfg = Debug|Any CPU
		{A5B32D5D-32E4-4B5A-ADE7-89DBE50D0064}.Debug|x64.Build.0 = Debug|Any CPU
		{A5B32D5D-32E4-4B5A-ADE7-89DBE50D0064}.Debug|x86.ActiveCfg = Debug|Any CPU
		{A5B32D5D-32E4-4B5A-ADE7-89DBE50D0064}.Debug|x86.Build.0 = Debug|Any CPU
		{A5B32D5D-32E4-4B5A-ADE7-89DBE50D0064}.Release|Any CPU.ActiveCfg = Release|Any CPU
		{A5B32D5D-32E4-4B5A-ADE7-89DBE50D0064}.Release|Any CPU.Build.0 = Release|Any CPU
		{A5B32D5D-32E4-4B5A-ADE7-89DBE50D0064}.Release|ARM.ActiveCfg = Release|Any CPU
		{A5B32D5D-32E4-4B5A-ADE7-89DBE50D0064}.Release|ARM.Build.0 = Release|Any CPU
		{A5B32D5D-32E4-4B5A-ADE7-89DBE50D0064}.Release|x64.ActiveCfg = Release|Any CPU
		{A5B32D5D-32E4-4B5A-ADE7-89DBE50D0064}.Release|x64.Build.0 = Release|Any CPU
		{A5B32D5D-32E4-4B5A-ADE7-89DBE50D0064}.Release|x86.ActiveCfg = Release|Any CPU
		{A5B32D5D-32E4-4B5A-ADE7-89DBE50D0064}.Release|x86.Build.0 = Release|Any CPU
		{975D33CC-2C46-4E79-8501-7BF248250FDB}.Debug|Any CPU.ActiveCfg = Debug|Any CPU
		{975D33CC-2C46-4E79-8501-7BF248250FDB}.Debug|Any CPU.Build.0 = Debug|Any CPU
		{975D33CC-2C46-4E79-8501-7BF248250FDB}.Debug|ARM.ActiveCfg = Debug|Any CPU
		{975D33CC-2C46-4E79-8501-7BF248250FDB}.Debug|ARM.Build.0 = Debug|Any CPU
		{975D33CC-2C46-4E79-8501-7BF248250FDB}.Debug|x64.ActiveCfg = Debug|Any CPU
		{975D33CC-2C46-4E79-8501-7BF248250FDB}.Debug|x64.Build.0 = Debug|Any CPU
		{975D33CC-2C46-4E79-8501-7BF248250FDB}.Debug|x86.ActiveCfg = Debug|Any CPU
		{975D33CC-2C46-4E79-8501-7BF248250FDB}.Debug|x86.Build.0 = Debug|Any CPU
		{975D33CC-2C46-4E79-8501-7BF248250FDB}.Release|Any CPU.ActiveCfg = Release|Any CPU
		{975D33CC-2C46-4E79-8501-7BF248250FDB}.Release|Any CPU.Build.0 = Release|Any CPU
		{975D33CC-2C46-4E79-8501-7BF248250FDB}.Release|ARM.ActiveCfg = Release|Any CPU
		{975D33CC-2C46-4E79-8501-7BF248250FDB}.Release|ARM.Build.0 = Release|Any CPU
		{975D33CC-2C46-4E79-8501-7BF248250FDB}.Release|x64.ActiveCfg = Release|Any CPU
		{975D33CC-2C46-4E79-8501-7BF248250FDB}.Release|x64.Build.0 = Release|Any CPU
		{975D33CC-2C46-4E79-8501-7BF248250FDB}.Release|x86.ActiveCfg = Release|Any CPU
		{975D33CC-2C46-4E79-8501-7BF248250FDB}.Release|x86.Build.0 = Release|Any CPU
	EndGlobalSection
	GlobalSection(SolutionProperties) = preSolution
		HideSolutionNode = FALSE
	EndGlobalSection
EndGlobal
